
Microsoft Visual Studio Solution File, Format Version 12.00
# Visual Studio Version 17
VisualStudioVersion = 17.11.35208.52
MinimumVisualStudioVersion = 10.0.40219.1
Project("{FAE04EC0-301F-11D3-BF4B-00C04F79EFBC}") = "Calculator", "Calculator\Calculator.csproj", "{385C7141-8309-460A-8012-20B69F0CED95}"
EndProject
Global
	GlobalSection(SolutionConfigurationPlatforms) = preSolution
		Debug|Any CPU = Debug|Any CPU
		Release|Any CPU = Release|Any CPU
	EndGlobalSection
	GlobalSection(ProjectConfigurationPlatforms) = postSolution
		{385C7141-8309-460A-8012-20B69F0CED95}.Debug|Any CPU.ActiveCfg = Debug|Any CPU
		{385C7141-8309-460A-8012-20B69F0CED95}.Debug|Any CPU.Build.0 = Debug|Any CPU
		{385C7141-8309-460A-8012-20B69F0CED95}.Release|Any CPU.ActiveCfg = Release|Any CPU
		{385C7141-8309-460A-8012-20B69F0CED95}.Release|Any CPU.Build.0 = Release|Any CPU
	EndGlobalSection
	GlobalSection(SolutionProperties) = preSolution
		HideSolutionNode = FALSE
	EndGlobalSection
	GlobalSection(ExtensibilityGlobals) = postSolution
		SolutionGuid = {24AA5BE7-D6ED-47C2-A76A-60B78BD48396}
	EndGlobalSection
EndGlobal
